
Microsoft Visual Studio Solution File, Format Version 12.00
# Visual Studio 15
VisualStudioVersion = 15.0.28010.2048
MinimumVisualStudioVersion = 10.0.40219.1
Project("{FAE04EC0-301F-11D3-BF4B-00C04F79EFBC}") = "ResxCheck", "ResxCheck.csproj", "{B61063FC-FCCB-4D4D-BA7B-CB0E674F1B16}"
EndProject
Global
	GlobalSection(SolutionConfigurationPlatforms) = preSolution
		Debug|Any CPU = Debug|Any CPU
		Release|Any CPU = Release|Any CPU
	EndGlobalSection
	GlobalSection(ProjectConfigurationPlatforms) = postSolution
		{B61063FC-FCCB-4D4D-BA7B-CB0E674F1B16}.Debug|Any CPU.ActiveCfg = Debug|Any CPU
		{B61063FC-FCCB-4D4D-BA7B-CB0E674F1B16}.Debug|Any CPU.Build.0 = Debug|Any CPU
		{B61063FC-FCCB-4D4D-BA7B-CB0E674F1B16}.Release|Any CPU.ActiveCfg = Release|Any CPU
		{B61063FC-FCCB-4D4D-BA7B-CB0E674F1B16}.Release|Any CPU.Build.0 = Release|Any CPU
	EndGlobalSection
	GlobalSection(SolutionProperties) = preSolution
		HideSolutionNode = FALSE
	EndGlobalSection
	GlobalSection(ExtensibilityGlobals) = postSolution
		SolutionGuid = {CFE27DA8-1892-4DB4-B43C-8AA5BE017B52}
	EndGlobalSection
EndGlobal
